
Microsoft Visual Studio Solution File, Format Version 12.00
# Visual Studio Version 17
VisualStudioVersion = 17.11.35327.3
MinimumVisualStudioVersion = 10.0.40219.1
Project("{2150E333-8FDC-42A3-9474-1A3956D46DE8}") = "src", "src", "{27B82CE6-0865-46BA-8C10-D1744D26B518}"
EndProject
Project("{2150E333-8FDC-42A3-9474-1A3956D46DE8}") = "tests", "tests", "{37339919-2B61-4626-9689-2B9EB761CD24}"
EndProject
Project("{9A19103F-16F7-4668-BE54-9A1E7A4F7556}") = "CashFlow.Api", "src\CashFlow\CashFlow.Api.csproj", "{4B765144-F361-4F2A-9445-E6BC51A787F9}"
EndProject
Project("{9A19103F-16F7-4668-BE54-9A1E7A4F7556}") = "CashFlow.Domain", "src\CashFlow.Domain\CashFlow.Domain.csproj", "{FED460CA-8EC2-40EC-92BE-AB53BB7DA8D1}"
EndProject
Project("{9A19103F-16F7-4668-BE54-9A1E7A4F7556}") = "CashFlow.Aplication", "src\CashFlow.Aplication\CashFlow.Aplication.csproj", "{446BB9BD-15FB-4894-BC08-B9923ACA756B}"
EndProject
Project("{9A19103F-16F7-4668-BE54-9A1E7A4F7556}") = "CashFlow.Communication", "src\CashFlow.Communication\CashFlow.Communication.csproj", "{BC975469-026A-4D12-B215-D57FE02D5DFE}"
EndProject
Project("{9A19103F-16F7-4668-BE54-9A1E7A4F7556}") = "CashFlow.Exception", "src\CashFlow.Exception\CashFlow.Exception.csproj", "{13F6AB85-CD7B-4BFA-8665-AD492ADFE815}"
EndProject
Project("{9A19103F-16F7-4668-BE54-9A1E7A4F7556}") = "CashFlow.Infrastructure", "src\CashFlow.Infrastructure\CashFlow.Infrastructure.csproj", "{3655837A-6201-4862-87FA-B9B0490CECD0}"
EndProject
Project("{9A19103F-16F7-4668-BE54-9A1E7A4F7556}") = "Validators.Tests", "tests\Validators.Tests\Validators.Tests.csproj", "{B50007D8-E79C-465B-949C-CA068E94539F}"
EndProject
Project("{FAE04EC0-301F-11D3-BF4B-00C04F79EFBC}") = "CommonTestUtilities", "tests\CommonTestUtilities\CommonTestUtilities.csproj", "{D6D1A0E5-7FBA-4C10-B56E-BA780036A613}"
EndProject
Global
	GlobalSection(SolutionConfigurationPlatforms) = preSolution
		Debug|Any CPU = Debug|Any CPU
		Release|Any CPU = Release|Any CPU
	EndGlobalSection
	GlobalSection(ProjectConfigurationPlatforms) = postSolution
		{4B765144-F361-4F2A-9445-E6BC51A787F9}.Debug|Any CPU.ActiveCfg = Debug|Any CPU
		{4B765144-F361-4F2A-9445-E6BC51A787F9}.Debug|Any CPU.Build.0 = Debug|Any CPU
		{4B765144-F361-4F2A-9445-E6BC51A787F9}.Release|Any CPU.ActiveCfg = Release|Any CPU
		{4B765144-F361-4F2A-9445-E6BC51A787F9}.Release|Any CPU.Build.0 = Release|Any CPU
		{FED460CA-8EC2-40EC-92BE-AB53BB7DA8D1}.Debug|Any CPU.ActiveCfg = Debug|Any CPU
		{FED460CA-8EC2-40EC-92BE-AB53BB7DA8D1}.Debug|Any CPU.Build.0 = Debug|Any CPU
		{FED460CA-8EC2-40EC-92BE-AB53BB7DA8D1}.Release|Any CPU.ActiveCfg = Release|Any CPU
		{FED460CA-8EC2-40EC-92BE-AB53BB7DA8D1}.Release|Any CPU.Build.0 = Release|Any CPU
		{446BB9BD-15FB-4894-BC08-B9923ACA756B}.Debug|Any CPU.ActiveCfg = Debug|Any CPU
		{446BB9BD-15FB-4894-BC08-B9923ACA756B}.Debug|Any CPU.Build.0 = Debug|Any CPU
		{446BB9BD-15FB-4894-BC08-B9923ACA756B}.Release|Any CPU.ActiveCfg = Release|Any CPU
		{446BB9BD-15FB-4894-BC08-B9923ACA756B}.Release|Any CPU.Build.0 = Release|Any CPU
		{BC975469-026A-4D12-B215-D57FE02D5DFE}.Debug|Any CPU.ActiveCfg = Debug|Any CPU
		{BC975469-026A-4D12-B215-D57FE02D5DFE}.Debug|Any CPU.Build.0 = Debug|Any CPU
		{BC975469-026A-4D12-B215-D57FE02D5DFE}.Release|Any CPU.ActiveCfg = Release|Any CPU
		{BC975469-026A-4D12-B215-D57FE02D5DFE}.Release|Any CPU.Build.0 = Release|Any CPU
		{13F6AB85-CD7B-4BFA-8665-AD492ADFE815}.Debug|Any CPU.ActiveCfg = Debug|Any CPU
		{13F6AB85-CD7B-4BFA-8665-AD492ADFE815}.Debug|Any CPU.Build.0 = Debug|Any CPU
		{13F6AB85-CD7B-4BFA-8665-AD492ADFE815}.Release|Any CPU.ActiveCfg = Release|Any CPU
		{13F6AB85-CD7B-4BFA-8665-AD492ADFE815}.Release|Any CPU.Build.0 = Release|Any CPU
		{3655837A-6201-4862-87FA-B9B0490CECD0}.Debug|Any CPU.ActiveCfg = Debug|Any CPU
		{3655837A-6201-4862-87FA-B9B0490CECD0}.Debug|Any CPU.Build.0 = Debug|Any CPU
		{3655837A-6201-4862-87FA-B9B0490CECD0}.Release|Any CPU.ActiveCfg = Release|Any CPU
		{3655837A-6201-4862-87FA-B9B0490CECD0}.Release|Any CPU.Build.0 = Release|Any CPU
		{B50007D8-E79C-465B-949C-CA068E94539F}.Debug|Any CPU.ActiveCfg = Debug|Any CPU
		{B50007D8-E79C-465B-949C-CA068E94539F}.Debug|Any CPU.Build.0 = Debug|Any CPU
		{B50007D8-E79C-465B-949C-CA068E94539F}.Release|Any CPU.ActiveCfg = Release|Any CPU
		{B50007D8-E79C-465B-949C-CA068E94539F}.Release|Any CPU.Build.0 = Release|Any CPU
		{D6D1A0E5-7FBA-4C10-B56E-BA780036A613}.Debug|Any CPU.ActiveCfg = Debug|Any CPU
		{D6D1A0E5-7FBA-4C10-B56E-BA780036A613}.Debug|Any CPU.Build.0 = Debug|Any CPU
		{D6D1A0E5-7FBA-4C10-B56E-BA780036A613}.Release|Any CPU.ActiveCfg = Release|Any CPU
		{D6D1A0E5-7FBA-4C10-B56E-BA780036A613}.Release|Any CPU.Build.0 = Release|Any CPU
	EndGlobalSection
	GlobalSection(SolutionProperties) = preSolution
		HideSolutionNode = FALSE
	EndGlobalSection
	GlobalSection(NestedProjects) = preSolution
		{4B765144-F361-4F2A-9445-E6BC51A787F9} = {27B82CE6-0865-46BA-8C10-D1744D26B518}
		{FED460CA-8EC2-40EC-92BE-AB53BB7DA8D1} = {27B82CE6-0865-46BA-8C10-D1744D26B518}
		{446BB9BD-15FB-4894-BC08-B9923ACA756B} = {27B82CE6-0865-46BA-8C10-D1744D26B518}
		{BC975469-026A-4D12-B215-D57FE02D5DFE} = {27B82CE6-0865-46BA-8C10-D1744D26B518}
		{13F6AB85-CD7B-4BFA-8665-AD492ADFE815} = {27B82CE6-0865-46BA-8C10-D1744D26B518}
		{3655837A-6201-4862-87FA-B9B0490CECD0} = {27B82CE6-0865-46BA-8C10-D1744D26B518}
		{B50007D8-E79C-465B-949C-CA068E94539F} = {37339919-2B61-4626-9689-2B9EB761CD24}
		{D6D1A0E5-7FBA-4C10-B56E-BA780036A613} = {37339919-2B61-4626-9689-2B9EB761CD24}
	EndGlobalSection
	GlobalSection(ExtensibilityGlobals) = postSolution
		SolutionGuid = {B3DC41E6-93AD-4DB4-BDC2-CFC56798C744}
	EndGlobalSection
EndGlobal
